
Microsoft Visual Studio Solution File, Format Version 12.00
# Visual Studio Version 16
VisualStudioVersion = 16.0.30114.105
MinimumVisualStudioVersion = 10.0.40219.1
Project("{8BC9CEB8-8B4A-11D0-8D11-00A0C91BC942}") = "StrategyPattern", "ConsoleApplication1\ConsoleApplication1.vcxproj", "{1CC64013-7955-47EE-A305-E5CCA92B047B}"
EndProject
Project("{8BC9CEB8-8B4A-11D0-8D11-00A0C91BC942}") = "ObserverPattern", "ObserverPattern\ObserverPattern.vcxproj", "{66CF2E82-8702-433E-AF16-85835F89FA42}"
EndProject
Global
	GlobalSection(SolutionConfigurationPlatforms) = preSolution
		Debug|x64 = Debug|x64
		Debug|x86 = Debug|x86
		Release|x64 = Release|x64
		Release|x86 = Release|x86
	EndGlobalSection
	GlobalSection(ProjectConfigurationPlatforms) = postSolution
		{1CC64013-7955-47EE-A305-E5CCA92B047B}.Debug|x64.ActiveCfg = Debug|x64
		{1CC64013-7955-47EE-A305-E5CCA92B047B}.Debug|x64.Build.0 = Debug|x64
		{1CC64013-7955-47EE-A305-E5CCA92B047B}.Debug|x86.ActiveCfg = Debug|Win32
		{1CC64013-7955-47EE-A305-E5CCA92B047B}.Debug|x86.Build.0 = Debug|Win32
		{1CC64013-7955-47EE-A305-E5CCA92B047B}.Release|x64.ActiveCfg = Release|x64
		{1CC64013-7955-47EE-A305-E5CCA92B047B}.Release|x64.Build.0 = Release|x64
		{1CC64013-7955-47EE-A305-E5CCA92B047B}.Release|x86.ActiveCfg = Release|Win32
		{1CC64013-7955-47EE-A305-E5CCA92B047B}.Release|x86.Build.0 = Release|Win32
		{66CF2E82-8702-433E-AF16-85835F89FA42}.Debug|x64.ActiveCfg = Debug|x64
		{66CF2E82-8702-433E-AF16-85835F89FA42}.Debug|x64.Build.0 = Debug|x64
		{66CF2E82-8702-433E-AF16-85835F89FA42}.Debug|x86.ActiveCfg = Debug|Win32
		{66CF2E82-8702-433E-AF16-85835F89FA42}.Debug|x86.Build.0 = Debug|Win32
		{66CF2E82-8702-433E-AF16-85835F89FA42}.Release|x64.ActiveCfg = Release|x64
		{66CF2E82-8702-433E-AF16-85835F89FA42}.Release|x64.Build.0 = Release|x64
		{66CF2E82-8702-433E-AF16-85835F89FA42}.Release|x86.ActiveCfg = Release|Win32
		{66CF2E82-8702-433E-AF16-85835F89FA42}.Release|x86.Build.0 = Release|Win32
	EndGlobalSection
	GlobalSection(SolutionProperties) = preSolution
		HideSolutionNode = FALSE
	EndGlobalSection
	GlobalSection(ExtensibilityGlobals) = postSolution
		SolutionGuid = {E26D29EE-0106-414D-8139-00B528742EB7}
	EndGlobalSection
EndGlobal
